
Microsoft Visual Studio Solution File, Format Version 12.00
# Visual Studio 2012
Project("{FAE04EC0-301F-11D3-BF4B-00C04F79EFBC}") = "Store.Models", "Store.Models\Store.Models.csproj", "{06FE4B79-AC13-4554-9420-A7F0522C563A}"
EndProject
Project("{FAE04EC0-301F-11D3-BF4B-00C04F79EFBC}") = "Store.Data", "Store.Data\Store.Data.csproj", "{2086054E-1127-43F4-80A5-59E0B89B5A13}"
EndProject
Project("{FAE04EC0-301F-11D3-BF4B-00C04F79EFBC}") = "Store.Services", "Store.Services\Store.Services.csproj", "{D71BC044-F970-4B5B-9250-D2E662218799}"
EndProject
Global
	GlobalSection(SolutionConfigurationPlatforms) = preSolution
		Debug|Any CPU = Debug|Any CPU
		Release|Any CPU = Release|Any CPU
	EndGlobalSection
	GlobalSection(ProjectConfigurationPlatforms) = postSolution
		{06FE4B79-AC13-4554-9420-A7F0522C563A}.Debug|Any CPU.ActiveCfg = Debug|Any CPU
		{06FE4B79-AC13-4554-9420-A7F0522C563A}.Debug|Any CPU.Build.0 = Debug|Any CPU
		{06FE4B79-AC13-4554-9420-A7F0522C563A}.Release|Any CPU.ActiveCfg = Release|Any CPU
		{06FE4B79-AC13-4554-9420-A7F0522C563A}.Release|Any CPU.Build.0 = Release|Any CPU
		{2086054E-1127-43F4-80A5-59E0B89B5A13}.Debug|Any CPU.ActiveCfg = Debug|Any CPU
		{2086054E-1127-43F4-80A5-59E0B89B5A13}.Debug|Any CPU.Build.0 = Debug|Any CPU
		{2086054E-1127-43F4-80A5-59E0B89B5A13}.Release|Any CPU.ActiveCfg = Release|Any CPU
		{2086054E-1127-43F4-80A5-59E0B89B5A13}.Release|Any CPU.Build.0 = Release|Any CPU
		{D71BC044-F970-4B5B-9250-D2E662218799}.Debug|Any CPU.ActiveCfg = Debug|Any CPU
		{D71BC044-F970-4B5B-9250-D2E662218799}.Debug|Any CPU.Build.0 = Debug|Any CPU
		{D71BC044-F970-4B5B-9250-D2E662218799}.Release|Any CPU.ActiveCfg = Release|Any CPU
		{D71BC044-F970-4B5B-9250-D2E662218799}.Release|Any CPU.Build.0 = Release|Any CPU
	EndGlobalSection
	GlobalSection(SolutionProperties) = preSolution
		HideSolutionNode = FALSE
	EndGlobalSection
EndGlobal
